
Microsoft Visual Studio Solution File, Format Version 12.00
# Visual Studio Version 16
VisualStudioVersion = 16.0.30002.166
MinimumVisualStudioVersion = 10.0.40219.1
Project("{9A19103F-16F7-4668-BE54-9A1E7A4F7556}") = "ItemsService", "..\ItemsService\ItemsService\ItemsService.csproj", "{93D9888B-F97D-40BD-AC21-F9C2161FE8BD}"
EndProject
Project("{9A19103F-16F7-4668-BE54-9A1E7A4F7556}") = "BUYERDBENTITY", "..\BUYERDBENTITY\BUYERDBENTITY.csproj", "{23891CAC-A887-4427-9752-16F6DFFA918B}"
EndProject
Project("{FAE04EC0-301F-11D3-BF4B-00C04F79EFBC}") = "ItemServiceTesting", "..\ItemServiceTesting\ItemServiceTesting.csproj", "{128C885A-7A21-4946-9C73-D6D7E78689F3}"
EndProject
Global
	GlobalSection(SolutionConfigurationPlatforms) = preSolution
		Debug|Any CPU = Debug|Any CPU
		Release|Any CPU = Release|Any CPU
	EndGlobalSection
	GlobalSection(ProjectConfigurationPlatforms) = postSolution
		{93D9888B-F97D-40BD-AC21-F9C2161FE8BD}.Debug|Any CPU.ActiveCfg = Debug|Any CPU
		{93D9888B-F97D-40BD-AC21-F9C2161FE8BD}.Debug|Any CPU.Build.0 = Debug|Any CPU
		{93D9888B-F97D-40BD-AC21-F9C2161FE8BD}.Release|Any CPU.ActiveCfg = Release|Any CPU
		{93D9888B-F97D-40BD-AC21-F9C2161FE8BD}.Release|Any CPU.Build.0 = Release|Any CPU
		{23891CAC-A887-4427-9752-16F6DFFA918B}.Debug|Any CPU.ActiveCfg = Debug|Any CPU
		{23891CAC-A887-4427-9752-16F6DFFA918B}.Debug|Any CPU.Build.0 = Debug|Any CPU
		{23891CAC-A887-4427-9752-16F6DFFA918B}.Release|Any CPU.ActiveCfg = Release|Any CPU
		{23891CAC-A887-4427-9752-16F6DFFA918B}.Release|Any CPU.Build.0 = Release|Any CPU
		{128C885A-7A21-4946-9C73-D6D7E78689F3}.Debug|Any CPU.ActiveCfg = Debug|Any CPU
		{128C885A-7A21-4946-9C73-D6D7E78689F3}.Debug|Any CPU.Build.0 = Debug|Any CPU
		{128C885A-7A21-4946-9C73-D6D7E78689F3}.Release|Any CPU.ActiveCfg = Release|Any CPU
		{128C885A-7A21-4946-9C73-D6D7E78689F3}.Release|Any CPU.Build.0 = Release|Any CPU
	EndGlobalSection
	GlobalSection(SolutionProperties) = preSolution
		HideSolutionNode = FALSE
	EndGlobalSection
	GlobalSection(ExtensibilityGlobals) = postSolution
		SolutionGuid = {82B9FF5C-7C4D-42A6-9BAE-3C41DC58E581}
	EndGlobalSection
EndGlobal
